
Microsoft Visual Studio Solution File, Format Version 12.00
# Visual Studio 15
VisualStudioVersion = 15.0.27703.2018
MinimumVisualStudioVersion = 10.0.40219.1
Project("{2150E333-8FDC-42A3-9474-1A3956D46DE8}") = "1 - Apresentacao", "1 - Apresentacao", "{B727959C-C76F-4DBF-A0B0-921EEE717BAF}"
EndProject
Project("{2150E333-8FDC-42A3-9474-1A3956D46DE8}") = "2 - Servicos", "2 - Servicos", "{9BC52E77-D5A6-418A-AD5F-261AADB08934}"
EndProject
Project("{2150E333-8FDC-42A3-9474-1A3956D46DE8}") = "4 - Dominio", "4 - Dominio", "{ABC33CDA-F371-4F79-B6C5-FAC4F7BA5669}"
EndProject
Project("{2150E333-8FDC-42A3-9474-1A3956D46DE8}") = "5 - Infra", "5 - Infra", "{1FF48CA2-6AFB-4AF3-AC15-AB07FE33F7F1}"
EndProject
Project("{FAE04EC0-301F-11D3-BF4B-00C04F79EFBC}") = "Dominio", "Dominio\Dominio.csproj", "{17B84559-1D0E-42E0-A110-5246EB4EF88F}"
EndProject
Project("{2150E333-8FDC-42A3-9474-1A3956D46DE8}") = "Dados", "Dados", "{8B4C90D6-73C2-4FCE-9017-54C66BBCBB6D}"
EndProject
Project("{2150E333-8FDC-42A3-9474-1A3956D46DE8}") = "CrossCutting", "CrossCutting", "{97939057-BE56-455D-AEB2-DA1942F3BB29}"
EndProject
Project("{FAE04EC0-301F-11D3-BF4B-00C04F79EFBC}") = "Dados", "Dados\Dados.csproj", "{0E2D2477-BE45-4655-9E8F-910E53566F5B}"
EndProject
Project("{FAE04EC0-301F-11D3-BF4B-00C04F79EFBC}") = "MVC", "MVC\MVC.csproj", "{9291EE36-181A-48D1-8135-ED1AB275B0A4}"
EndProject
Project("{2150E333-8FDC-42A3-9474-1A3956D46DE8}") = "3 - Aplicação", "3 - Aplicação", "{4D13FB1A-98CA-417F-A980-B3D6780D4E62}"
EndProject
Project("{FAE04EC0-301F-11D3-BF4B-00C04F79EFBC}") = "Aplicacao", "Aplicacao\Aplicacao.csproj", "{5C175722-36A0-4BB3-938A-47CF4CE04939}"
EndProject
Project("{FAE04EC0-301F-11D3-BF4B-00C04F79EFBC}") = "InversaoDeControle", "InversaoDeControle\InversaoDeControle.csproj", "{FB429E50-92CA-4D6F-8C02-20A179197CA2}"
EndProject
Global
	GlobalSection(SolutionConfigurationPlatforms) = preSolution
		Debug|Any CPU = Debug|Any CPU
		Release|Any CPU = Release|Any CPU
	EndGlobalSection
	GlobalSection(ProjectConfigurationPlatforms) = postSolution
		{17B84559-1D0E-42E0-A110-5246EB4EF88F}.Debug|Any CPU.ActiveCfg = Debug|Any CPU
		{17B84559-1D0E-42E0-A110-5246EB4EF88F}.Debug|Any CPU.Build.0 = Debug|Any CPU
		{17B84559-1D0E-42E0-A110-5246EB4EF88F}.Release|Any CPU.ActiveCfg = Release|Any CPU
		{17B84559-1D0E-42E0-A110-5246EB4EF88F}.Release|Any CPU.Build.0 = Release|Any CPU
		{0E2D2477-BE45-4655-9E8F-910E53566F5B}.Debug|Any CPU.ActiveCfg = Debug|Any CPU
		{0E2D2477-BE45-4655-9E8F-910E53566F5B}.Debug|Any CPU.Build.0 = Debug|Any CPU
		{0E2D2477-BE45-4655-9E8F-910E53566F5B}.Release|Any CPU.ActiveCfg = Release|Any CPU
		{0E2D2477-BE45-4655-9E8F-910E53566F5B}.Release|Any CPU.Build.0 = Release|Any CPU
		{9291EE36-181A-48D1-8135-ED1AB275B0A4}.Debug|Any CPU.ActiveCfg = Debug|Any CPU
		{9291EE36-181A-48D1-8135-ED1AB275B0A4}.Debug|Any CPU.Build.0 = Debug|Any CPU
		{9291EE36-181A-48D1-8135-ED1AB275B0A4}.Release|Any CPU.ActiveCfg = Release|Any CPU
		{9291EE36-181A-48D1-8135-ED1AB275B0A4}.Release|Any CPU.Build.0 = Release|Any CPU
		{5C175722-36A0-4BB3-938A-47CF4CE04939}.Debug|Any CPU.ActiveCfg = Debug|Any CPU
		{5C175722-36A0-4BB3-938A-47CF4CE04939}.Debug|Any CPU.Build.0 = Debug|Any CPU
		{5C175722-36A0-4BB3-938A-47CF4CE04939}.Release|Any CPU.ActiveCfg = Release|Any CPU
		{5C175722-36A0-4BB3-938A-47CF4CE04939}.Release|Any CPU.Build.0 = Release|Any CPU
		{FB429E50-92CA-4D6F-8C02-20A179197CA2}.Debug|Any CPU.ActiveCfg = Debug|Any CPU
		{FB429E50-92CA-4D6F-8C02-20A179197CA2}.Debug|Any CPU.Build.0 = Debug|Any CPU
		{FB429E50-92CA-4D6F-8C02-20A179197CA2}.Release|Any CPU.ActiveCfg = Release|Any CPU
		{FB429E50-92CA-4D6F-8C02-20A179197CA2}.Release|Any CPU.Build.0 = Release|Any CPU
	EndGlobalSection
	GlobalSection(SolutionProperties) = preSolution
		HideSolutionNode = FALSE
	EndGlobalSection
	GlobalSection(NestedProjects) = preSolution
		{17B84559-1D0E-42E0-A110-5246EB4EF88F} = {ABC33CDA-F371-4F79-B6C5-FAC4F7BA5669}
		{8B4C90D6-73C2-4FCE-9017-54C66BBCBB6D} = {1FF48CA2-6AFB-4AF3-AC15-AB07FE33F7F1}
		{97939057-BE56-455D-AEB2-DA1942F3BB29} = {1FF48CA2-6AFB-4AF3-AC15-AB07FE33F7F1}
		{0E2D2477-BE45-4655-9E8F-910E53566F5B} = {8B4C90D6-73C2-4FCE-9017-54C66BBCBB6D}
		{9291EE36-181A-48D1-8135-ED1AB275B0A4} = {B727959C-C76F-4DBF-A0B0-921EEE717BAF}
		{5C175722-36A0-4BB3-938A-47CF4CE04939} = {4D13FB1A-98CA-417F-A980-B3D6780D4E62}
		{FB429E50-92CA-4D6F-8C02-20A179197CA2} = {97939057-BE56-455D-AEB2-DA1942F3BB29}
	EndGlobalSection
	GlobalSection(ExtensibilityGlobals) = postSolution
		SolutionGuid = {00DC8A1F-C050-49ED-8E16-BBA295819DD1}
	EndGlobalSection
EndGlobal
